
Microsoft Visual Studio Solution File, Format Version 12.00
# Visual Studio Version 17
VisualStudioVersion = 17.0.31903.59
MinimumVisualStudioVersion = 10.0.40219.1
Project("{9A19103F-16F7-4668-BE54-9A1E7A4F7556}") = "fr.Database", "fr.Database\fr.Database.csproj", "{855661AE-530E-49FF-B5CF-C8093DBCC7B3}"
EndProject
Project("{9A19103F-16F7-4668-BE54-9A1E7A4F7556}") = "fr.Service", "fr.Service\fr.Service.csproj", "{2056C6DF-C791-4C95-ABA9-94258F18DC9E}"
EndProject
Project("{9A19103F-16F7-4668-BE54-9A1E7A4F7556}") = "fr.AppServer", "fr.AppServer\fr.AppServer.csproj", "{34C804C4-E5EC-423D-918A-580EB3A49D0A}"
EndProject
Project("{9A19103F-16F7-4668-BE54-9A1E7A4F7556}") = "fr.Database.Model", "fr.Database.Model\fr.Database.Model.csproj", "{7FBD28EF-4488-473A-BA79-BBB0DAFA0A9B}"
EndProject
Project("{9A19103F-16F7-4668-BE54-9A1E7A4F7556}") = "fr.Core", "fr.Core\fr.Core.csproj", "{669079B2-DAF1-45A7-9858-A4ED1DE504C3}"
EndProject
Global
	GlobalSection(SolutionConfigurationPlatforms) = preSolution
		Debug|Any CPU = Debug|Any CPU
		Release|Any CPU = Release|Any CPU
	EndGlobalSection
	GlobalSection(ProjectConfigurationPlatforms) = postSolution
		{855661AE-530E-49FF-B5CF-C8093DBCC7B3}.Debug|Any CPU.ActiveCfg = Debug|Any CPU
		{855661AE-530E-49FF-B5CF-C8093DBCC7B3}.Debug|Any CPU.Build.0 = Debug|Any CPU
		{855661AE-530E-49FF-B5CF-C8093DBCC7B3}.Release|Any CPU.ActiveCfg = Release|Any CPU
		{855661AE-530E-49FF-B5CF-C8093DBCC7B3}.Release|Any CPU.Build.0 = Release|Any CPU
		{2056C6DF-C791-4C95-ABA9-94258F18DC9E}.Debug|Any CPU.ActiveCfg = Debug|Any CPU
		{2056C6DF-C791-4C95-ABA9-94258F18DC9E}.Debug|Any CPU.Build.0 = Debug|Any CPU
		{2056C6DF-C791-4C95-ABA9-94258F18DC9E}.Release|Any CPU.ActiveCfg = Release|Any CPU
		{2056C6DF-C791-4C95-ABA9-94258F18DC9E}.Release|Any CPU.Build.0 = Release|Any CPU
		{34C804C4-E5EC-423D-918A-580EB3A49D0A}.Debug|Any CPU.ActiveCfg = Debug|Any CPU
		{34C804C4-E5EC-423D-918A-580EB3A49D0A}.Debug|Any CPU.Build.0 = Debug|Any CPU
		{34C804C4-E5EC-423D-918A-580EB3A49D0A}.Release|Any CPU.ActiveCfg = Release|Any CPU
		{34C804C4-E5EC-423D-918A-580EB3A49D0A}.Release|Any CPU.Build.0 = Release|Any CPU
		{7FBD28EF-4488-473A-BA79-BBB0DAFA0A9B}.Debug|Any CPU.ActiveCfg = Debug|Any CPU
		{7FBD28EF-4488-473A-BA79-BBB0DAFA0A9B}.Debug|Any CPU.Build.0 = Debug|Any CPU
		{7FBD28EF-4488-473A-BA79-BBB0DAFA0A9B}.Release|Any CPU.ActiveCfg = Release|Any CPU
		{7FBD28EF-4488-473A-BA79-BBB0DAFA0A9B}.Release|Any CPU.Build.0 = Release|Any CPU
		{669079B2-DAF1-45A7-9858-A4ED1DE504C3}.Debug|Any CPU.ActiveCfg = Debug|Any CPU
		{669079B2-DAF1-45A7-9858-A4ED1DE504C3}.Debug|Any CPU.Build.0 = Debug|Any CPU
		{669079B2-DAF1-45A7-9858-A4ED1DE504C3}.Release|Any CPU.ActiveCfg = Release|Any CPU
		{669079B2-DAF1-45A7-9858-A4ED1DE504C3}.Release|Any CPU.Build.0 = Release|Any CPU
	EndGlobalSection
	GlobalSection(SolutionProperties) = preSolution
		HideSolutionNode = FALSE
	EndGlobalSection
	GlobalSection(ExtensibilityGlobals) = postSolution
		SolutionGuid = {C6B93245-38FC-4801-B6DF-BDE3307A0439}
	EndGlobalSection
EndGlobal
